
Microsoft Visual Studio Solution File, Format Version 12.00
# Visual Studio Version 17
VisualStudioVersion = 17.9.34714.143
MinimumVisualStudioVersion = 10.0.40219.1
Project("{FAE04EC0-301F-11D3-BF4B-00C04F79EFBC}") = "SampleNullableDateTimePicker", "SampleNullableDateTimePicker.csproj", "{494ED82C-7561-4DFC-9178-3031CC5DDA42}"
EndProject
Global
	GlobalSection(SolutionConfigurationPlatforms) = preSolution
		Debug|Any CPU = Debug|Any CPU
		Release|Any CPU = Release|Any CPU
	EndGlobalSection
	GlobalSection(ProjectConfigurationPlatforms) = postSolution
		{494ED82C-7561-4DFC-9178-3031CC5DDA42}.Debug|Any CPU.ActiveCfg = Debug|Any CPU
		{494ED82C-7561-4DFC-9178-3031CC5DDA42}.Debug|Any CPU.Build.0 = Debug|Any CPU
		{494ED82C-7561-4DFC-9178-3031CC5DDA42}.Debug|Any CPU.Deploy.0 = Debug|Any CPU
		{494ED82C-7561-4DFC-9178-3031CC5DDA42}.Release|Any CPU.ActiveCfg = Release|Any CPU
		{494ED82C-7561-4DFC-9178-3031CC5DDA42}.Release|Any CPU.Build.0 = Release|Any CPU
		{494ED82C-7561-4DFC-9178-3031CC5DDA42}.Release|Any CPU.Deploy.0 = Release|Any CPU
	EndGlobalSection
	GlobalSection(SolutionProperties) = preSolution
		HideSolutionNode = FALSE
	EndGlobalSection
	GlobalSection(ExtensibilityGlobals) = postSolution
		SolutionGuid = {A9C226AF-2ED9-4C5B-ADB8-780BB26B42A9}
	EndGlobalSection
EndGlobal
